// !$*UTF8*$!
{
	archiveVersion = 1;
	classes = {
	};
	objectVersion = 56;
	objects = {

/* Begin PBXBuildFile section */
		C355B30C2B9EF8620093E69C /* WordItem.swift in Sources */ = {isa = PBXBuildFile; fileRef = C355B30B2B9EF8620093E69C /* WordItem.swift */; };
		C355B30F2B9EF9230093E69C /* ModelData.swift in Sources */ = {isa = PBXBuildFile; fileRef = C355B30E2B9EF9230093E69C /* ModelData.swift */; };
		C355B3132B9EFCE50093E69C /* DictionaryManager.swift in Sources */ = {isa = PBXBuildFile; fileRef = C355B3122B9EFCE50093E69C /* DictionaryManager.swift */; };
		C388397F2B9EEEFD0053D34D /* DictionaryApp.swift in Sources */ = {isa = PBXBuildFile; fileRef = C388397E2B9EEEFD0053D34D /* DictionaryApp.swift */; };
		C38839812B9EEEFD0053D34D /* HomeView.swift in Sources */ = {isa = PBXBuildFile; fileRef = C38839802B9EEEFD0053D34D /* HomeView.swift */; };
		C38839832B9EEEFE0053D34D /* Assets.xcassets in Resources */ = {isa = PBXBuildFile; fileRef = C38839822B9EEEFE0053D34D /* Assets.xcassets */; };
		C38839872B9EEEFE0053D34D /* Preview Assets.xcassets in Resources */ = {isa = PBXBuildFile; fileRef = C38839862B9EEEFE0053D34D /* Preview Assets.xcassets */; };
		C38839912B9EEEFE0053D34D /* DictionaryTests.swift in Sources */ = {isa = PBXBuildFile; fileRef = C38839902B9EEEFE0053D34D /* DictionaryTests.swift */; };
		C388399B2B9EEEFF0053D34D /* DictionaryUITests.swift in Sources */ = {isa = PBXBuildFile; fileRef = C388399A2B9EEEFF0053D34D /* DictionaryUITests.swift */; };
		C388399D2B9EEEFF0053D34D /* DictionaryUITestsLaunchTests.swift in Sources */ = {isa = PBXBuildFile; fileRef = C388399C2B9EEEFF0053D34D /* DictionaryUITestsLaunchTests.swift */; };
/* End PBXBuildFile section */

/* Begin PBXContainerItemProxy section */
		C388398D2B9EEEFE0053D34D /* PBXContainerItemProxy */ = {
			isa = PBXContainerItemProxy;
			containerPortal = C38839732B9EEEFD0053D34D /* Project object */;
			proxyType = 1;
			remoteGlobalIDString = C388397A2B9EEEFD0053D34D;
			remoteInfo = Dictionary;
		};
		C38839972B9EEEFF0053D34D /* PBXContainerItemProxy */ = {
			isa = PBXContainerItemProxy;
			containerPortal = C38839732B9EEEFD0053D34D /* Project object */;
			proxyType = 1;
			remoteGlobalIDString = C388397A2B9EEEFD0053D34D;
			remoteInfo = Dictionary;
		};
/* End PBXContainerItemProxy section */

/* Begin PBXFileReference section */
		C355B30B2B9EF8620093E69C /* WordItem.swift */ = {isa = PBXFileReference; lastKnownFileType = sourcecode.swift; path = WordItem.swift; sourceTree = "<group>"; };
		C355B30E2B9EF9230093E69C /* ModelData.swift */ = {isa = PBXFileReference; lastKnownFileType = sourcecode.swift; path = ModelData.swift; sourceTree = "<group>"; };
		C355B3102B9EF9CB0093E69C /* wordData.json */ = {isa = PBXFileReference; lastKnownFileType = text.json; path = wordData.json; sourceTree = "<group>"; };
		C355B3122B9EFCE50093E69C /* DictionaryManager.swift */ = {isa = PBXFileReference; lastKnownFileType = sourcecode.swift; path = DictionaryManager.swift; sourceTree = "<group>"; };
		C388397B2B9EEEFD0053D34D /* Dictionary.app */ = {isa = PBXFileReference; explicitFileType = wrapper.application; includeInIndex = 0; path = Dictionary.app; sourceTree = BUILT_PRODUCTS_DIR; };
		C388397E2B9EEEFD0053D34D /* DictionaryApp.swift */ = {isa = PBXFileReference; lastKnownFileType = sourcecode.swift; path = DictionaryApp.swift; sourceTree = "<group>"; };
		C38839802B9EEEFD0053D34D /* HomeView.swift */ = {isa = PBXFileReference; lastKnownFileType = sourcecode.swift; path = HomeView.swift; sourceTree = "<group>"; };
		C38839822B9EEEFE0053D34D /* Assets.xcassets */ = {isa = PBXFileReference; lastKnownFileType = folder.assetcatalog; path = Assets.xcassets; sourceTree = "<group>"; };
		C38839842B9EEEFE0053D34D /* Dictionary.entitlements */ = {isa = PBXFileReference; lastKnownFileType = text.plist.entitlements; path = Dictionary.entitlements; sourceTree = "<group>"; };
		C38839862B9EEEFE0053D34D /* Preview Assets.xcassets */ = {isa = PBXFileReference; lastKnownFileType = folder.assetcatalog; path = "Preview Assets.xcassets"; sourceTree = "<group>"; };
		C388398C2B9EEEFE0053D34D /* DictionaryTests.xctest */ = {isa = PBXFileReference; explicitFileType = wrapper.cfbundle; includeInIndex = 0; path = DictionaryTests.xctest; sourceTree = BUILT_PRODUCTS_DIR; };
		C38839902B9EEEFE0053D34D /* DictionaryTests.swift */ = {isa = PBXFileReference; lastKnownFileType = sourcecode.swift; path = DictionaryTests.swift; sourceTree = "<group>"; };
		C38839962B9EEEFF0053D34D /* DictionaryUITests.xctest */ = {isa = PBXFileReference; explicitFileType = wrapper.cfbundle; includeInIndex = 0; path = DictionaryUITests.xctest; sourceTree = BUILT_PRODUCTS_DIR; };
		C388399A2B9EEEFF0053D34D /* DictionaryUITests.swift */ = {isa = PBXFileReference; lastKnownFileType = sourcecode.swift; path = DictionaryUITests.swift; sourceTree = "<group>"; };
		C388399C2B9EEEFF0053D34D /* DictionaryUITestsLaunchTests.swift */ = {isa = PBXFileReference; lastKnownFileType = sourcecode.swift; path = DictionaryUITestsLaunchTests.swift; sourceTree = "<group>"; };
/* End PBXFileReference section */

/* Begin PBXFrameworksBuildPhase section */
		C38839782B9EEEFD0053D34D /* Frameworks */ = {
			isa = PBXFrameworksBuildPhase;
			buildActionMask = 2147483647;
			files = (
			);
			runOnlyForDeploymentPostprocessing = 0;
		};
		C38839892B9EEEFE0053D34D /* Frameworks */ = {
			isa = PBXFrameworksBuildPhase;
			buildActionMask = 2147483647;
			files = (
			);
			runOnlyForDeploymentPostprocessing = 0;
		};
		C38839932B9EEEFF0053D34D /* Frameworks */ = {
			isa = PBXFrameworksBuildPhase;
			buildActionMask = 2147483647;
			files = (
			);
			runOnlyForDeploymentPostprocessing = 0;
		};
/* End PBXFrameworksBuildPhase section */

/* Begin PBXGroup section */
		C355B30A2B9EF5090093E69C /* Views */ = {
			isa = PBXGroup;
			children = (
				C38839802B9EEEFD0053D34D /* HomeView.swift */,
				C355B30B2B9EF8620093E69C /* WordItem.swift */,
			);
			path = Views;
			sourceTree = "<group>";
		};
		C355B30D2B9EF9050093E69C /* ModelData */ = {
			isa = PBXGroup;
			children = (
				C355B30E2B9EF9230093E69C /* ModelData.swift */,
				C355B3102B9EF9CB0093E69C /* wordData.json */,
			);
			path = ModelData;
			sourceTree = "<group>";
		};
		C355B3112B9EFCCC0093E69C /* Managers */ = {
			isa = PBXGroup;
			children = (
				C355B3122B9EFCE50093E69C /* DictionaryManager.swift */,
			);
			path = Managers;
			sourceTree = "<group>";
		};
		C38839722B9EEEFD0053D34D = {
			isa = PBXGroup;
			children = (
				C388397D2B9EEEFD0053D34D /* Dictionary */,
				C388398F2B9EEEFE0053D34D /* DictionaryTests */,
				C38839992B9EEEFF0053D34D /* DictionaryUITests */,
				C388397C2B9EEEFD0053D34D /* Products */,
			);
			sourceTree = "<group>";
		};
		C388397C2B9EEEFD0053D34D /* Products */ = {
			isa = PBXGroup;
			children = (
				C388397B2B9EEEFD0053D34D /* Dictionary.app */,
				C388398C2B9EEEFE0053D34D /* DictionaryTests.xctest */,
				C38839962B9EEEFF0053D34D /* DictionaryUITests.xctest */,
			);
			name = Products;
			sourceTree = "<group>";
		};
		C388397D2B9EEEFD0053D34D /* Dictionary */ = {
			isa = PBXGroup;
			children = (
				C355B3112B9EFCCC0093E69C /* Managers */,
				C355B30D2B9EF9050093E69C /* ModelData */,
				C355B30A2B9EF5090093E69C /* Views */,
				C388397E2B9EEEFD0053D34D /* DictionaryApp.swift */,
				C38839822B9EEEFE0053D34D /* Assets.xcassets */,
				C38839842B9EEEFE0053D34D /* Dictionary.entitlements */,
				C38839852B9EEEFE0053D34D /* Preview Content */,
			);
			path = Dictionary;
			sourceTree = "<group>";
		};
		C38839852B9EEEFE0053D34D /* Preview Content */ = {
			isa = PBXGroup;
			children = (
				C38839862B9EEEFE0053D34D /* Preview Assets.xcassets */,
			);
			path = "Preview Content";
			sourceTree = "<group>";
		};
		C388398F2B9EEEFE0053D34D /* DictionaryTests */ = {
			isa = PBXGroup;
			children = (
				C38839902B9EEEFE0053D34D /* DictionaryTests.swift */,
			);
			path = DictionaryTests;
			sourceTree = "<group>";
		};
		C38839992B9EEEFF0053D34D /* DictionaryUITests */ = {
			isa = PBXGroup;
			children = (
				C388399A2B9EEEFF0053D34D /* DictionaryUITests.swift */,
				C388399C2B9EEEFF0053D34D /* DictionaryUITestsLaunchTests.swift */,
			);
			path = DictionaryUITests;
			sourceTree = "<group>";
		};
/* End PBXGroup section */

/* Begin PBXNativeTarget section */
		C388397A2B9EEEFD0053D34D /* Dictionary */ = {
			isa = PBXNativeTarget;
			buildConfigurationList = C38839A02B9EEEFF0053D34D /* Build configuration list for PBXNativeTarget "Dictionary" */;
			buildPhases = (
				C38839772B9EEEFD0053D34D /* Sources */,
				C38839782B9EEEFD0053D34D /* Frameworks */,
				C38839792B9EEEFD0053D34D /* Resources */,
			);
			buildRules = (
			);
			dependencies = (
			);
			name = Dictionary;
			productName = Dictionary;
			productReference = C388397B2B9EEEFD0053D34D /* Dictionary.app */;
			productType = "com.apple.product-type.application";
		};
		C388398B2B9EEEFE0053D34D /* DictionaryTests */ = {
			isa = PBXNativeTarget;
			buildConfigurationList = C38839A32B9EEEFF0053D34D /* Build configuration list for PBXNativeTarget "DictionaryTests" */;
			buildPhases = (
				C38839882B9EEEFE0053D34D /* Sources */,
				C38839892B9EEEFE0053D34D /* Frameworks */,
				C388398A2B9EEEFE0053D34D /* Resources */,
			);
			buildRules = (
			);
			dependencies = (
				C388398E2B9EEEFE0053D34D /* PBXTargetDependency */,
			);
			name = DictionaryTests;
			productName = DictionaryTests;
			productReference = C388398C2B9EEEFE0053D34D /* DictionaryTests.xctest */;
			productType = "com.apple.product-type.bundle.unit-test";
		};
		C38839952B9EEEFF0053D34D /* DictionaryUITests */ = {
			isa = PBXNativeTarget;
			buildConfigurationList = C38839A62B9EEEFF0053D34D /* Build configuration list for PBXNativeTarget "DictionaryUITests" */;
			buildPhases = (
				C38839922B9EEEFF0053D34D /* Sources */,
				C38839932B9EEEFF0053D34D /* Frameworks */,
				C38839942B9EEEFF0053D34D /* Resources */,
			);
			buildRules = (
			);
			dependencies = (
				C38839982B9EEEFF0053D34D /* PBXTargetDependency */,
			);
			name = DictionaryUITests;
			productName = DictionaryUITests;
			productReference = C38839962B9EEEFF0053D34D /* DictionaryUITests.xctest */;
			productType = "com.apple.product-type.bundle.ui-testing";
		};
/* End PBXNativeTarget section */

/* Begin PBXProject section */
		C38839732B9EEEFD0053D34D /* Project object */ = {
			isa = PBXProject;
			attributes = {
				BuildIndependentTargetsInParallel = 1;
				LastSwiftUpdateCheck = 1530;
				LastUpgradeCheck = 1530;
				TargetAttributes = {
					C388397A2B9EEEFD0053D34D = {
						CreatedOnToolsVersion = 15.3;
					};
					C388398B2B9EEEFE0053D34D = {
						CreatedOnToolsVersion = 15.3;
						TestTargetID = C388397A2B9EEEFD0053D34D;
					};
					C38839952B9EEEFF0053D34D = {
						CreatedOnToolsVersion = 15.3;
						TestTargetID = C388397A2B9EEEFD0053D34D;
					};
				};
			};
			buildConfigurationList = C38839762B9EEEFD0053D34D /* Build configuration list for PBXProject "Dictionary" */;
			compatibilityVersion = "Xcode 14.0";
			developmentRegion = en;
			hasScannedForEncodings = 0;
			knownRegions = (
				en,
				Base,
			);
			mainGroup = C38839722B9EEEFD0053D34D;
			productRefGroup = C388397C2B9EEEFD0053D34D /* Products */;
			projectDirPath = "";
			projectRoot = "";
			targets = (
				C388397A2B9EEEFD0053D34D /* Dictionary */,
				C388398B2B9EEEFE0053D34D /* DictionaryTests */,
				C38839952B9EEEFF0053D34D /* DictionaryUITests */,
			);
		};
/* End PBXProject section */

/* Begin PBXResourcesBuildPhase section */
		C38839792B9EEEFD0053D34D /* Resources */ = {
			isa = PBXResourcesBuildPhase;
			buildActionMask = 2147483647;
			files = (
				C38839872B9EEEFE0053D34D /* Preview Assets.xcassets in Resources */,
				C38839832B9EEEFE0053D34D /* Assets.xcassets in Resources */,
			);
			runOnlyForDeploymentPostprocessing = 0;
		};
		C388398A2B9EEEFE0053D34D /* Resources */ = {
			isa = PBXResourcesBuildPhase;
			buildActionMask = 2147483647;
			files = (
			);
			runOnlyForDeploymentPostprocessing = 0;
		};
		C38839942B9EEEFF0053D34D /* Resources */ = {
			isa = PBXResourcesBuildPhase;
			buildActionMask = 2147483647;
			files = (
			);
			runOnlyForDeploymentPostprocessing = 0;
		};
/* End PBXResourcesBuildPhase section */

/* Begin PBXSourcesBuildPhase section */
		C38839772B9EEEFD0053D34D /* Sources */ = {
			isa = PBXSourcesBuildPhase;
			buildActionMask = 2147483647;
			files = (
				C355B3132B9EFCE50093E69C /* DictionaryManager.swift in Sources */,
				C38839812B9EEEFD0053D34D /* HomeView.swift in Sources */,
				C355B30F2B9EF9230093E69C /* ModelData.swift in Sources */,
				C355B30C2B9EF8620093E69C /* WordItem.swift in Sources */,
				C388397F2B9EEEFD0053D34D /* DictionaryApp.swift in Sources */,
			);
			runOnlyForDeploymentPostprocessing = 0;
		};
		C38839882B9EEEFE0053D34D /* Sources */ = {
			isa = PBXSourcesBuildPhase;
			buildActionMask = 2147483647;
			files = (
				C38839912B9EEEFE0053D34D /* DictionaryTests.swift in Sources */,
			);
			runOnlyForDeploymentPostprocessing = 0;
		};
		C38839922B9EEEFF0053D34D /* Sources */ = {
			isa = PBXSourcesBuildPhase;
			buildActionMask = 2147483647;
			files = (
				C388399D2B9EEEFF0053D34D /* DictionaryUITestsLaunchTests.swift in Sources */,
				C388399B2B9EEEFF0053D34D /* DictionaryUITests.swift in Sources */,
			);
			runOnlyForDeploymentPostprocessing = 0;
		};
/* End PBXSourcesBuildPhase section */

/* Begin PBXTargetDependency section */
		C388398E2B9EEEFE0053D34D /* PBXTargetDependency */ = {
			isa = PBXTargetDependency;
			target = C388397A2B9EEEFD0053D34D /* Dictionary */;
			targetProxy = C388398D2B9EEEFE0053D34D /* PBXContainerItemProxy */;
		};
		C38839982B9EEEFF0053D34D /* PBXTargetDependency */ = {
			isa = PBXTargetDependency;
			target = C388397A2B9EEEFD0053D34D /* Dictionary */;
			targetProxy = C38839972B9EEEFF0053D34D /* PBXContainerItemProxy */;
		};
/* End PBXTargetDependency section */

/* Begin XCBuildConfiguration section */
		C388399E2B9EEEFF0053D34D /* Debug */ = {
			isa = XCBuildConfiguration;
			buildSettings = {
				ALWAYS_SEARCH_USER_PATHS = NO;
				ASSETCATALOG_COMPILER_GENERATE_SWIFT_ASSET_SYMBOL_EXTENSIONS = YES;
				CLANG_ANALYZER_NONNULL = YES;
				CLANG_ANALYZER_NUMBER_OBJECT_CONVERSION = YES_AGGRESSIVE;
				CLANG_CXX_LANGUAGE_STANDARD = "gnu++20";
				CLANG_ENABLE_MODULES = YES;
				CLANG_ENABLE_OBJC_ARC = YES;
				CLANG_ENABLE_OBJC_WEAK = YES;
				CLANG_WARN_BLOCK_CAPTURE_AUTORELEASING = YES;
				CLANG_WARN_BOOL_CONVERSION = YES;
				CLANG_WARN_COMMA = YES;
				CLANG_WARN_CONSTANT_CONVERSION = YES;
				CLANG_WARN_DEPRECATED_OBJC_IMPLEMENTATIONS = YES;
				CLANG_WARN_DIRECT_OBJC_ISA_USAGE = YES_ERROR;
				CLANG_WARN_DOCUMENTATION_COMMENTS = YES;
				CLANG_WARN_EMPTY_BODY = YES;
				CLANG_WARN_ENUM_CONVERSION = YES;
				CLANG_WARN_INFINITE_RECURSION = YES;
				CLANG_WARN_INT_CONVERSION = YES;
				CLANG_WARN_NON_LITERAL_NULL_CONVERSION = YES;
				CLANG_WARN_OBJC_IMPLICIT_RETAIN_SELF = YES;
				CLANG_WARN_OBJC_LITERAL_CONVERSION = YES;
				CLANG_WARN_OBJC_ROOT_CLASS = YES_ERROR;
				CLANG_WARN_QUOTED_INCLUDE_IN_FRAMEWORK_HEADER = YES;
				CLANG_WARN_RANGE_LOOP_ANALYSIS = YES;
				CLANG_WARN_STRICT_PROTOTYPES = YES;
				CLANG_WARN_SUSPICIOUS_MOVE = YES;
				CLANG_WARN_UNGUARDED_AVAILABILITY = YES_AGGRESSIVE;
				CLANG_WARN_UNREACHABLE_CODE = YES;
				CLANG_WARN__DUPLICATE_METHOD_MATCH = YES;
				COPY_PHASE_STRIP = NO;
				DEBUG_INFORMATION_FORMAT = dwarf;
				ENABLE_STRICT_OBJC_MSGSEND = YES;
				ENABLE_TESTABILITY = YES;
				ENABLE_USER_SCRIPT_SANDBOXING = YES;
				GCC_C_LANGUAGE_STANDARD = gnu17;
				GCC_DYNAMIC_NO_PIC = NO;
				GCC_NO_COMMON_BLOCKS = YES;
				GCC_OPTIMIZATION_LEVEL = 0;
				GCC_PREPROCESSOR_DEFINITIONS = (
					"DEBUG=1",
					"$(inherited)",
				);
				GCC_WARN_64_TO_32_BIT_CONVERSION = YES;
				GCC_WARN_ABOUT_RETURN_TYPE = YES_ERROR;
				GCC_WARN_UNDECLARED_SELECTOR = YES;
				GCC_WARN_UNINITIALIZED_AUTOS = YES_AGGRESSIVE;
				GCC_WARN_UNUSED_FUNCTION = YES;
				GCC_WARN_UNUSED_VARIABLE = YES;
				LOCALIZATION_PREFERS_STRING_CATALOGS = YES;
				MTL_ENABLE_DEBUG_INFO = INCLUDE_SOURCE;
				MTL_FAST_MATH = YES;
				ONLY_ACTIVE_ARCH = YES;
				SWIFT_ACTIVE_COMPILATION_CONDITIONS = "DEBUG $(inherited)";
				SWIFT_OPTIMIZATION_LEVEL = "-Onone";
			};
			name = Debug;
		};
		C388399F2B9EEEFF0053D34D /* Release */ = {
			isa = XCBuildConfiguration;
			buildSettings = {
				ALWAYS_SEARCH_USER_PATHS = NO;
				ASSETCATALOG_COMPILER_GENERATE_SWIFT_ASSET_SYMBOL_EXTENSIONS = YES;
				CLANG_ANALYZER_NONNULL = YES;
				CLANG_ANALYZER_NUMBER_OBJECT_CONVERSION = YES_AGGRESSIVE;
				CLANG_CXX_LANGUAGE_STANDARD = "gnu++20";
				CLANG_ENABLE_MODULES = YES;
				CLANG_ENABLE_OBJC_ARC = YES;
				CLANG_ENABLE_OBJC_WEAK = YES;
				CLANG_WARN_BLOCK_CAPTURE_AUTORELEASING = YES;
				CLANG_WARN_BOOL_CONVERSION = YES;
				CLANG_WARN_COMMA = YES;
				CLANG_WARN_CONSTANT_CONVERSION = YES;
				CLANG_WARN_DEPRECATED_OBJC_IMPLEMENTATIONS = YES;
				CLANG_WARN_DIRECT_OBJC_ISA_USAGE = YES_ERROR;
				CLANG_WARN_DOCUMENTATION_COMMENTS = YES;
				CLANG_WARN_EMPTY_BODY = YES;
				CLANG_WARN_ENUM_CONVERSION = YES;
				CLANG_WARN_INFINITE_RECURSION = YES;
				CLANG_WARN_INT_CONVERSION = YES;
				CLANG_WARN_NON_LITERAL_NULL_CONVERSION = YES;
				CLANG_WARN_OBJC_IMPLICIT_RETAIN_SELF = YES;
				CLANG_WARN_OBJC_LITERAL_CONVERSION = YES;
				CLANG_WARN_OBJC_ROOT_CLASS = YES_ERROR;
				CLANG_WARN_QUOTED_INCLUDE_IN_FRAMEWORK_HEADER = YES;
				CLANG_WARN_RANGE_LOOP_ANALYSIS = YES;
				CLANG_WARN_STRICT_PROTOTYPES = YES;
				CLANG_WARN_SUSPICIOUS_MOVE = YES;
				CLANG_WARN_UNGUARDED_AVAILABILITY = YES_AGGRESSIVE;
				CLANG_WARN_UNREACHABLE_CODE = YES;
				CLANG_WARN__DUPLICATE_METHOD_MATCH = YES;
				COPY_PHASE_STRIP = NO;
				DEBUG_INFORMATION_FORMAT = "dwarf-with-dsym";
				ENABLE_NS_ASSERTIONS = NO;
				ENABLE_STRICT_OBJC_MSGSEND = YES;
				ENABLE_USER_SCRIPT_SANDBOXING = YES;
				GCC_C_LANGUAGE_STANDARD = gnu17;
				GCC_NO_COMMON_BLOCKS = YES;
				GCC_WARN_64_TO_32_BIT_CONVERSION = YES;
				GCC_WARN_ABOUT_RETURN_TYPE = YES_ERROR;
				GCC_WARN_UNDECLARED_SELECTOR = YES;
				GCC_WARN_UNINITIALIZED_AUTOS = YES_AGGRESSIVE;
				GCC_WARN_UNUSED_FUNCTION = YES;
				GCC_WARN_UNUSED_VARIABLE = YES;
				LOCALIZATION_PREFERS_STRING_CATALOGS = YES;
				MTL_ENABLE_DEBUG_INFO = NO;
				MTL_FAST_MATH = YES;
				SWIFT_COMPILATION_MODE = wholemodule;
			};
			name = Release;
		};
		C38839A12B9EEEFF0053D34D /* Debug */ = {
			isa = XCBuildConfiguration;
			buildSettings = {
				ASSETCATALOG_COMPILER_APPICON_NAME = AppIcon;
				ASSETCATALOG_COMPILER_GLOBAL_ACCENT_COLOR_NAME = AccentColor;
				CODE_SIGN_ENTITLEMENTS = Dictionary/Dictionary.entitlements;
				CODE_SIGN_STYLE = Automatic;
				CURRENT_PROJECT_VERSION = 1;
				DEVELOPMENT_ASSET_PATHS = "\"Dictionary/Preview Content\"";
				DEVELOPMENT_TEAM = GW582Z4DA7;
				ENABLE_HARDENED_RUNTIME = YES;
				ENABLE_PREVIEWS = YES;
				GENERATE_INFOPLIST_FILE = YES;
				"INFOPLIST_KEY_UIApplicationSceneManifest_Generation[sdk=iphoneos*]" = YES;
				"INFOPLIST_KEY_UIApplicationSceneManifest_Generation[sdk=iphonesimulator*]" = YES;
				"INFOPLIST_KEY_UIApplicationSupportsIndirectInputEvents[sdk=iphoneos*]" = YES;
				"INFOPLIST_KEY_UIApplicationSupportsIndirectInputEvents[sdk=iphonesimulator*]" = YES;
				"INFOPLIST_KEY_UILaunchScreen_Generation[sdk=iphoneos*]" = YES;
				"INFOPLIST_KEY_UILaunchScreen_Generation[sdk=iphonesimulator*]" = YES;
				"INFOPLIST_KEY_UIStatusBarStyle[sdk=iphoneos*]" = UIStatusBarStyleDefault;
				"INFOPLIST_KEY_UIStatusBarStyle[sdk=iphonesimulator*]" = UIStatusBarStyleDefault;
				INFOPLIST_KEY_UISupportedInterfaceOrientations_iPad = "UIInterfaceOrientationPortrait UIInterfaceOrientationPortraitUpsideDown UIInterfaceOrientationLandscapeLeft UIInterfaceOrientationLandscapeRight";
				INFOPLIST_KEY_UISupportedInterfaceOrientations_iPhone = "UIInterfaceOrientationPortrait UIInterfaceOrientationLandscapeLeft UIInterfaceOrientationLandscapeRight";
				IPHONEOS_DEPLOYMENT_TARGET = 17.4;
				LD_RUNPATH_SEARCH_PATHS = "@executable_path/Frameworks";
				"LD_RUNPATH_SEARCH_PATHS[sdk=macosx*]" = "@executable_path/../Frameworks";
				MACOSX_DEPLOYMENT_TARGET = 14.4;
				MARKETING_VERSION = 1.0;
				PRODUCT_BUNDLE_IDENTIFIER = chalisa.Dictionary;
				PRODUCT_NAME = "$(TARGET_NAME)";
				SDKROOT = auto;
				SUPPORTED_PLATFORMS = "iphoneos iphonesimulator macosx";
				SWIFT_EMIT_LOC_STRINGS = YES;
				SWIFT_VERSION = 5.0;
				TARGETED_DEVICE_FAMILY = "1,2";
			};
			name = Debug;
		};
		C38839A22B9EEEFF0053D34D /* Release */ = {
			isa = XCBuildConfiguration;
			buildSettings = {
				ASSETCATALOG_COMPILER_APPICON_NAME = AppIcon;
				ASSETCATALOG_COMPILER_GLOBAL_ACCENT_COLOR_NAME = AccentColor;
				CODE_SIGN_ENTITLEMENTS = Dictionary/Dictionary.entitlements;
				CODE_SIGN_STYLE = Automatic;
				CURRENT_PROJECT_VERSION = 1;
				DEVELOPMENT_ASSET_PATHS = "\"Dictionary/Preview Content\"";
				DEVELOPMENT_TEAM = GW582Z4DA7;
				ENABLE_HARDENED_RUNTIME = YES;
				ENABLE_PREVIEWS = YES;
				GENERATE_INFOPLIST_FILE = YES;
				"INFOPLIST_KEY_UIApplicationSceneManifest_Generation[sdk=iphoneos*]" = YES;
				"INFOPLIST_KEY_UIApplicationSceneManifest_Generation[sdk=iphonesimulator*]" = YES;
				"INFOPLIST_KEY_UIApplicationSupportsIndirectInputEvents[sdk=iphoneos*]" = YES;
				"INFOPLIST_KEY_UIApplicationSupportsIndirectInputEvents[sdk=iphonesimulator*]" = YES;
				"INFOPLIST_KEY_UILaunchScreen_Generation[sdk=iphoneos*]" = YES;
				"INFOPLIST_KEY_UILaunchScreen_Generation[sdk=iphonesimulator*]" = YES;
				"INFOPLIST_KEY_UIStatusBarStyle[sdk=iphoneos*]" = UIStatusBarStyleDefault;
				"INFOPLIST_KEY_UIStatusBarStyle[sdk=iphonesimulator*]" = UIStatusBarStyleDefault;
				INFOPLIST_KEY_UISupportedInterfaceOrientations_iPad = "UIInterfaceOrientationPortrait UIInterfaceOrientationPortraitUpsideDown UIInterfaceOrientationLandscapeLeft UIInterfaceOrientationLandscapeRight";
				INFOPLIST_KEY_UISupportedInterfaceOrientations_iPhone = "UIInterfaceOrientationPortrait UIInterfaceOrientationLandscapeLeft UIInterfaceOrientationLandscapeRight";
				IPHONEOS_DEPLOYMENT_TARGET = 17.4;
				LD_RUNPATH_SEARCH_PATHS = "@executable_path/Frameworks";
				"LD_RUNPATH_SEARCH_PATHS[sdk=macosx*]" = "@executable_path/../Frameworks";
				MACOSX_DEPLOYMENT_TARGET = 14.4;
				MARKETING_VERSION = 1.0;
				PRODUCT_BUNDLE_IDENTIFIER = chalisa.Dictionary;
				PRODUCT_NAME = "$(TARGET_NAME)";
				SDKROOT = auto;
				SUPPORTED_PLATFORMS = "iphoneos iphonesimulator macosx";
				SWIFT_EMIT_LOC_STRINGS = YES;
				SWIFT_VERSION = 5.0;
				TARGETED_DEVICE_FAMILY = "1,2";
			};
			name = Release;
		};
		C38839A42B9EEEFF0053D34D /* Debug */ = {
			isa = XCBuildConfiguration;
			buildSettings = {
				ALWAYS_EMBED_SWIFT_STANDARD_LIBRARIES = YES;
				BUNDLE_LOADER = "$(TEST_HOST)";
				CODE_SIGN_STYLE = Automatic;
				CURRENT_PROJECT_VERSION = 1;
				DEVELOPMENT_TEAM = GW582Z4DA7;
				GENERATE_INFOPLIST_FILE = YES;
				IPHONEOS_DEPLOYMENT_TARGET = 17.4;
				MACOSX_DEPLOYMENT_TARGET = 14.4;
				MARKETING_VERSION = 1.0;
				PRODUCT_BUNDLE_IDENTIFIER = chalisa.DictionaryTests;
				PRODUCT_NAME = "$(TARGET_NAME)";
				SDKROOT = auto;
				SUPPORTED_PLATFORMS = "iphoneos iphonesimulator macosx";
				SWIFT_EMIT_LOC_STRINGS = NO;
				SWIFT_VERSION = 5.0;
				TARGETED_DEVICE_FAMILY = "1,2";
				TEST_HOST = "$(BUILT_PRODUCTS_DIR)/Dictionary.app/$(BUNDLE_EXECUTABLE_FOLDER_PATH)/Dictionary";
			};
			name = Debug;
		};
		C38839A52B9EEEFF0053D34D /* Release */ = {
			isa = XCBuildConfiguration;
			buildSettings = {
				ALWAYS_EMBED_SWIFT_STANDARD_LIBRARIES = YES;
				BUNDLE_LOADER = "$(TEST_HOST)";
				CODE_SIGN_STYLE = Automatic;
				CURRENT_PROJECT_VERSION = 1;
				DEVELOPMENT_TEAM = GW582Z4DA7;
				GENERATE_INFOPLIST_FILE = YES;
				IPHONEOS_DEPLOYMENT_TARGET = 17.4;
				MACOSX_DEPLOYMENT_TARGET = 14.4;
				MARKETING_VERSION = 1.0;
				PRODUCT_BUNDLE_IDENTIFIER = chalisa.DictionaryTests;
				PRODUCT_NAME = "$(TARGET_NAME)";
				SDKROOT = auto;
				SUPPORTED_PLATFORMS = "iphoneos iphonesimulator macosx";
				SWIFT_EMIT_LOC_STRINGS = NO;
				SWIFT_VERSION = 5.0;
				TARGETED_DEVICE_FAMILY = "1,2";
				TEST_HOST = "$(BUILT_PRODUCTS_DIR)/Dictionary.app/$(BUNDLE_EXECUTABLE_FOLDER_PATH)/Dictionary";
			};
			name = Release;
		};
		C38839A72B9EEEFF0053D34D /* Debug */ = {
			isa = XCBuildConfiguration;
			buildSettings = {
				ALWAYS_EMBED_SWIFT_STANDARD_LIBRARIES = YES;
				CODE_SIGN_STYLE = Automatic;
				CURRENT_PROJECT_VERSION = 1;
				DEVELOPMENT_TEAM = GW582Z4DA7;
				GENERATE_INFOPLIST_FILE = YES;
				IPHONEOS_DEPLOYMENT_TARGET = 17.4;
				MACOSX_DEPLOYMENT_TARGET = 14.4;
				MARKETING_VERSION = 1.0;
				PRODUCT_BUNDLE_IDENTIFIER = chalisa.DictionaryUITests;
				PRODUCT_NAME = "$(TARGET_NAME)";
				SDKROOT = auto;
				SUPPORTED_PLATFORMS = "iphoneos iphonesimulator macosx";
				SWIFT_EMIT_LOC_STRINGS = NO;
				SWIFT_VERSION = 5.0;
				TARGETED_DEVICE_FAMILY = "1,2";
				TEST_TARGET_NAME = Dictionary;
			};
			name = Debug;
		};
		C38839A82B9EEEFF0053D34D /* Release */ = {
			isa = XCBuildConfiguration;
			buildSettings = {
				ALWAYS_EMBED_SWIFT_STANDARD_LIBRARIES = YES;
				CODE_SIGN_STYLE = Automatic;
				CURRENT_PROJECT_VERSION = 1;
				DEVELOPMENT_TEAM = GW582Z4DA7;
				GENERATE_INFOPLIST_FILE = YES;
				IPHONEOS_DEPLOYMENT_TARGET = 17.4;
				MACOSX_DEPLOYMENT_TARGET = 14.4;
				MARKETING_VERSION = 1.0;
				PRODUCT_BUNDLE_IDENTIFIER = chalisa.DictionaryUITests;
				PRODUCT_NAME = "$(TARGET_NAME)";
				SDKROOT = auto;
				SUPPORTED_PLATFORMS = "iphoneos iphonesimulator macosx";
				SWIFT_EMIT_LOC_STRINGS = NO;
				SWIFT_VERSION = 5.0;
				TARGETED_DEVICE_FAMILY = "1,2";
				TEST_TARGET_NAME = Dictionary;
			};
			name = Release;
		};
/* End XCBuildConfiguration section */

/* Begin XCConfigurationList section */
		C38839762B9EEEFD0053D34D /* Build configuration list for PBXProject "Dictionary" */ = {
			isa = XCConfigurationList;
			buildConfigurations = (
				C388399E2B9EEEFF0053D34D /* Debug */,
				C388399F2B9EEEFF0053D34D /* Release */,
			);
			defaultConfigurationIsVisible = 0;
			defaultConfigurationName = Release;
		};
		C38839A02B9EEEFF0053D34D /* Build configuration list for PBXNativeTarget "Dictionary" */ = {
			isa = XCConfigurationList;
			buildConfigurations = (
				C38839A12B9EEEFF0053D34D /* Debug */,
				C38839A22B9EEEFF0053D34D /* Release */,
			);
			defaultConfigurationIsVisible = 0;
			defaultConfigurationName = Release;
		};
		C38839A32B9EEEFF0053D34D /* Build configuration list for PBXNativeTarget "DictionaryTests" */ = {
			isa = XCConfigurationList;
			buildConfigurations = (
				C38839A42B9EEEFF0053D34D /* Debug */,
				C38839A52B9EEEFF0053D34D /* Release */,
			);
			defaultConfigurationIsVisible = 0;
			defaultConfigurationName = Release;
		};
		C38839A62B9EEEFF0053D34D /* Build configuration list for PBXNativeTarget "DictionaryUITests" */ = {
			isa = XCConfigurationList;
			buildConfigurations = (
				C38839A72B9EEEFF0053D34D /* Debug */,
				C38839A82B9EEEFF0053D34D /* Release */,
			);
			defaultConfigurationIsVisible = 0;
			defaultConfigurationName = Release;
		};
/* End XCConfigurationList section */
	};
	rootObject = C38839732B9EEEFD0053D34D /* Project object */;
}
